
Microsoft Visual Studio Solution File, Format Version 12.00
# Visual Studio Version 16
VisualStudioVersion = 16.0.31410.357
MinimumVisualStudioVersion = 10.0.40219.1
Project("{2150E333-8FDC-42A3-9474-1A3956D46DE8}") = "SolutionFiles", "SolutionFiles", "{0B4A1D19-42B2-4460-89FB-5D33708B0A71}"
EndProject
Project("{FAE04EC0-301F-11D3-BF4B-00C04F79EFBC}") = "InstrumentUI_ATK", "InstrumentUI\InstrumentUI_ATK.csproj", "{2F7C30F6-EEA7-4323-A591-D99A45B8C39F}"
EndProject
Project("{2150E333-8FDC-42A3-9474-1A3956D46DE8}") = ".nuget", ".nuget", "{A528DD4D-280F-4BDA-AD1D-65FA8961B644}"
	ProjectSection(SolutionItems) = preProject
		.nuget\NuGet.Config = .nuget\NuGet.Config
		.nuget\NuGet.exe = .nuget\NuGet.exe
		.nuget\NuGet.targets = .nuget\NuGet.targets
	EndProjectSection
EndProject
Project("{54435603-DBB4-11D2-8724-00A0C9A8B90C}") = "QTASetup", "QTASetup\QTASetup.vdproj", "{9429460D-2052-4A19-9E8C-4094BF187770}"
EndProject
Global
	GlobalSection(SolutionConfigurationPlatforms) = preSolution
		Debug|Any CPU = Debug|Any CPU
		Debug|x86 = Debug|x86
		Release|Any CPU = Release|Any CPU
		Release|x86 = Release|x86
	EndGlobalSection
	GlobalSection(ProjectConfigurationPlatforms) = postSolution
		{2F7C30F6-EEA7-4323-A591-D99A45B8C39F}.Debug|Any CPU.ActiveCfg = Debug|Any CPU
		{2F7C30F6-EEA7-4323-A591-D99A45B8C39F}.Debug|Any CPU.Build.0 = Debug|Any CPU
		{2F7C30F6-EEA7-4323-A591-D99A45B8C39F}.Debug|x86.ActiveCfg = Debug|x86
		{2F7C30F6-EEA7-4323-A591-D99A45B8C39F}.Debug|x86.Build.0 = Debug|x86
		{2F7C30F6-EEA7-4323-A591-D99A45B8C39F}.Release|Any CPU.ActiveCfg = Release|Any CPU
		{2F7C30F6-EEA7-4323-A591-D99A45B8C39F}.Release|Any CPU.Build.0 = Release|Any CPU
		{2F7C30F6-EEA7-4323-A591-D99A45B8C39F}.Release|x86.ActiveCfg = Release|x86
		{2F7C30F6-EEA7-4323-A591-D99A45B8C39F}.Release|x86.Build.0 = Release|x86
		{9429460D-2052-4A19-9E8C-4094BF187770}.Debug|Any CPU.ActiveCfg = Debug
		{9429460D-2052-4A19-9E8C-4094BF187770}.Debug|x86.ActiveCfg = Debug
		{9429460D-2052-4A19-9E8C-4094BF187770}.Debug|x86.Build.0 = Debug
		{9429460D-2052-4A19-9E8C-4094BF187770}.Release|Any CPU.ActiveCfg = Release
		{9429460D-2052-4A19-9E8C-4094BF187770}.Release|x86.ActiveCfg = Release
		{9429460D-2052-4A19-9E8C-4094BF187770}.Release|x86.Build.0 = Release
	EndGlobalSection
	GlobalSection(SolutionProperties) = preSolution
		HideSolutionNode = FALSE
	EndGlobalSection
	GlobalSection(ExtensibilityGlobals) = postSolution
		SolutionGuid = {96ACA45D-E3E2-4761-8620-55AFBEAF8C9F}
	EndGlobalSection
EndGlobal
